
Microsoft Visual Studio Solution File, Format Version 12.00
# Visual Studio Version 17
VisualStudioVersion = 17.4.33122.133
MinimumVisualStudioVersion = 10.0.40219.1
Project("{FAE04EC0-301F-11D3-BF4B-00C04F79EFBC}") = "Polimorfismo", "Polimorfismo\Polimorfismo.csproj", "{AC698C5C-FA1A-4A34-8DC3-C04CEA80DB87}"
EndProject
Global
	GlobalSection(SolutionConfigurationPlatforms) = preSolution
		Debug|Any CPU = Debug|Any CPU
		Release|Any CPU = Release|Any CPU
	EndGlobalSection
	GlobalSection(ProjectConfigurationPlatforms) = postSolution
		{AC698C5C-FA1A-4A34-8DC3-C04CEA80DB87}.Debug|Any CPU.ActiveCfg = Debug|Any CPU
		{AC698C5C-FA1A-4A34-8DC3-C04CEA80DB87}.Debug|Any CPU.Build.0 = Debug|Any CPU
		{AC698C5C-FA1A-4A34-8DC3-C04CEA80DB87}.Release|Any CPU.ActiveCfg = Release|Any CPU
		{AC698C5C-FA1A-4A34-8DC3-C04CEA80DB87}.Release|Any CPU.Build.0 = Release|Any CPU
	EndGlobalSection
	GlobalSection(SolutionProperties) = preSolution
		HideSolutionNode = FALSE
	EndGlobalSection
	GlobalSection(ExtensibilityGlobals) = postSolution
		SolutionGuid = {0605A087-674B-4155-98E7-47102A09CAD4}
	EndGlobalSection
EndGlobal
